# This file is autogenerated, do not edit; changes may be undone by the next 'dep ensure'.


[[projects]]
  name = "github.com/boltdb/bolt"
  packages = ["."]
  revision = "2f1ce7a837dcb8da3ec595b1dac9d0632f0f99e8"
  version = "v1.3.1"

[[projects]]
  name = "github.com/davecgh/go-spew"
  packages = ["spew"]
  revision = "346938d642f2ec3594ed81d874461961cd0faa76"
  version = "v1.1.0"

[[projects]]
  name = "github.com/go-errors/errors"
  packages = ["."]
  revision = "a6af135bd4e28680facf08a3d206b454abc877a4"
  version = "v1.0.1"

[[projects]]
  branch = "develop"
  name = "github.com/kittycash/kittiverse"
  packages = [
    "src/kitty",
    "src/utils"
  ]
  revision = "5a3636fa012a867e1a7303e3deac2bfcd42cc176"

[[projects]]
  name = "github.com/op/go-logging"
  packages = ["."]
  revision = "b2cb9fa56473e98db8caba80237377e83fe44db5"
  version = "v1"

[[projects]]
  name = "github.com/pkg/errors"
  packages = ["."]
  revision = "645ef00459ed84a119197bfb8d8205042c6df63d"
  version = "v0.8.0"

[[projects]]
  name = "github.com/pmezard/go-difflib"
  packages = ["difflib"]
  revision = "792786c7400a136282c1664665ae0a8db921c6c2"
  version = "v1.0.0"

[[projects]]
  name = "github.com/shopspring/decimal"
  packages = ["."]
  revision = "69b3a8ad1f5f2c8bd855cb6506d18593064a346b"
  version = "1.0.1"

[[projects]]
  name = "github.com/skycoin/skycoin"
  packages = [
    "src/cipher",
    "src/cipher/base58",
    "src/cipher/chacha20",
    "src/cipher/encoder",
    "src/cipher/go-bip39",
    "src/cipher/ripemd160",
    "src/cipher/secp256k1-go",
    "src/cipher/secp256k1-go/secp256k1-go2",
    "src/coin",
    "src/util/droplet",
    "src/util/fee",
    "src/util/file",
    "src/util/iputil",
    "src/util/logging",
    "src/util/utc",
    "src/visor",
    "src/visor/blockdb",
    "src/visor/bucket",
    "src/visor/historydb",
    "src/wallet"
  ]
  revision = "84098d9ef5cdfa86d325509cf200dd7e45b4a1b4"
  version = "v0.22.0"

[[projects]]
  name = "github.com/stretchr/testify"
  packages = [
    "assert",
    "require"
  ]
  revision = "12b6f73e6084dad08a7c6e575284b177ecafbc71"
  version = "v1.2.1"

[[projects]]
  branch = "master"
  name = "golang.org/x/crypto"
  packages = [
    "pbkdf2",
    "ssh/terminal"
  ]
  revision = "ab813273cd59e1333f7ae7bff5d027d4aadf528c"

[[projects]]
  branch = "master"
  name = "golang.org/x/sys"
  packages = [
    "unix",
    "windows"
  ]
  revision = "c11f84a56e43e20a78cee75a7c034031ecf57d1f"

[[projects]]
  name = "gopkg.in/sirupsen/logrus.v1"
  packages = ["."]
  revision = "c155da19408a8799da419ed3eeb0cb5db0ad5dbc"
  version = "v1.0.5"

[[projects]]
  name = "gopkg.in/urfave/cli.v1"
  packages = ["."]
  revision = "cfb38830724cc34fedffe9a2a29fb54fa9169cd1"
  version = "v1.20.0"

[solve-meta]
  analyzer-name = "dep"
  analyzer-version = 1
  inputs-digest = "2209d12509cf38a28de65ea287de6cc5770403f5d0c29f7149ee14f9fc46f0bd"
  solver-name = "gps-cdcl"
  solver-version = 1
